// !$*UTF8*$!
{
	archiveVersion = 1;
	classes = {
	};
	objectVersion = 55;
	objects = {

/* Begin PBXBuildFile section */
		4839C48B2845C4A800A92BA6 /* MapAppApp.swift in Sources */ = {isa = PBXBuildFile; fileRef = 4839C48A2845C4A800A92BA6 /* MapAppApp.swift */; };
		4839C48D2845C4A800A92BA6 /* ContentView.swift in Sources */ = {isa = PBXBuildFile; fileRef = 4839C48C2845C4A800A92BA6 /* ContentView.swift */; };
		4839C4922845C4AA00A92BA6 /* Preview Assets.xcassets in Resources */ = {isa = PBXBuildFile; fileRef = 4839C4912845C4AA00A92BA6 /* Preview Assets.xcassets */; };
		484686072845C66500F0E3C5 /* Assets.xcassets in Resources */ = {isa = PBXBuildFile; fileRef = 484686062845C66500F0E3C5 /* Assets.xcassets */; };
		484686092845C6EB00F0E3C5 /* LaunchScreen.storyboard in Resources */ = {isa = PBXBuildFile; fileRef = 484686082845C6EB00F0E3C5 /* LaunchScreen.storyboard */; };
		4846860E2845C76C00F0E3C5 /* Location.swift in Sources */ = {isa = PBXBuildFile; fileRef = 4846860D2845C76C00F0E3C5 /* Location.swift */; };
		484686112845C8AD00F0E3C5 /* LocationsDataService.swift in Sources */ = {isa = PBXBuildFile; fileRef = 484686102845C8AD00F0E3C5 /* LocationsDataService.swift */; };
		484686132845CAFC00F0E3C5 /* LocationsView.swift in Sources */ = {isa = PBXBuildFile; fileRef = 484686122845CAFC00F0E3C5 /* LocationsView.swift */; };
		484686152845CFA200F0E3C5 /* LocationsViewModel.swift in Sources */ = {isa = PBXBuildFile; fileRef = 484686142845CFA200F0E3C5 /* LocationsViewModel.swift */; };
		484686172845DAFE00F0E3C5 /* LocationsListView.swift in Sources */ = {isa = PBXBuildFile; fileRef = 484686162845DAFE00F0E3C5 /* LocationsListView.swift */; };
		484686192845F5F400F0E3C5 /* LocationPreviewView.swift in Sources */ = {isa = PBXBuildFile; fileRef = 484686182845F5F400F0E3C5 /* LocationPreviewView.swift */; };
		4846861B2846060A00F0E3C5 /* MapAnnotationView.swift in Sources */ = {isa = PBXBuildFile; fileRef = 4846861A2846060A00F0E3C5 /* MapAnnotationView.swift */; };
		4846861D28460BF200F0E3C5 /* LocationDetailView.swift in Sources */ = {isa = PBXBuildFile; fileRef = 4846861C28460BF200F0E3C5 /* LocationDetailView.swift */; };
/* End PBXBuildFile section */

/* Begin PBXFileReference section */
		4839C4872845C4A800A92BA6 /* MapApp.app */ = {isa = PBXFileReference; explicitFileType = wrapper.application; includeInIndex = 0; path = MapApp.app; sourceTree = BUILT_PRODUCTS_DIR; };
		4839C48A2845C4A800A92BA6 /* MapAppApp.swift */ = {isa = PBXFileReference; lastKnownFileType = sourcecode.swift; path = MapAppApp.swift; sourceTree = "<group>"; };
		4839C48C2845C4A800A92BA6 /* ContentView.swift */ = {isa = PBXFileReference; lastKnownFileType = sourcecode.swift; path = ContentView.swift; sourceTree = "<group>"; };
		4839C4912845C4AA00A92BA6 /* Preview Assets.xcassets */ = {isa = PBXFileReference; lastKnownFileType = folder.assetcatalog; path = "Preview Assets.xcassets"; sourceTree = "<group>"; };
		484686062845C66500F0E3C5 /* Assets.xcassets */ = {isa = PBXFileReference; lastKnownFileType = folder.assetcatalog; path = Assets.xcassets; sourceTree = "<group>"; };
		484686082845C6EB00F0E3C5 /* LaunchScreen.storyboard */ = {isa = PBXFileReference; lastKnownFileType = file.storyboard; path = LaunchScreen.storyboard; sourceTree = "<group>"; };
		4846860D2845C76C00F0E3C5 /* Location.swift */ = {isa = PBXFileReference; lastKnownFileType = sourcecode.swift; path = Location.swift; sourceTree = "<group>"; };
		484686102845C8AD00F0E3C5 /* LocationsDataService.swift */ = {isa = PBXFileReference; fileEncoding = 4; lastKnownFileType = sourcecode.swift; path = LocationsDataService.swift; sourceTree = "<group>"; };
		484686122845CAFC00F0E3C5 /* LocationsView.swift */ = {isa = PBXFileReference; lastKnownFileType = sourcecode.swift; path = LocationsView.swift; sourceTree = "<group>"; };
		484686142845CFA200F0E3C5 /* LocationsViewModel.swift */ = {isa = PBXFileReference; lastKnownFileType = sourcecode.swift; path = LocationsViewModel.swift; sourceTree = "<group>"; };
		484686162845DAFE00F0E3C5 /* LocationsListView.swift */ = {isa = PBXFileReference; lastKnownFileType = sourcecode.swift; path = LocationsListView.swift; sourceTree = "<group>"; };
		484686182845F5F400F0E3C5 /* LocationPreviewView.swift */ = {isa = PBXFileReference; lastKnownFileType = sourcecode.swift; path = LocationPreviewView.swift; sourceTree = "<group>"; };
		4846861A2846060A00F0E3C5 /* MapAnnotationView.swift */ = {isa = PBXFileReference; lastKnownFileType = sourcecode.swift; path = MapAnnotationView.swift; sourceTree = "<group>"; };
		4846861C28460BF200F0E3C5 /* LocationDetailView.swift */ = {isa = PBXFileReference; lastKnownFileType = sourcecode.swift; path = LocationDetailView.swift; sourceTree = "<group>"; };
/* End PBXFileReference section */

/* Begin PBXFrameworksBuildPhase section */
		4839C4842845C4A800A92BA6 /* Frameworks */ = {
			isa = PBXFrameworksBuildPhase;
			buildActionMask = 2147483647;
			files = (
			);
			runOnlyForDeploymentPostprocessing = 0;
		};
/* End PBXFrameworksBuildPhase section */

/* Begin PBXGroup section */
		4839C47E2845C4A800A92BA6 = {
			isa = PBXGroup;
			children = (
				4839C4892845C4A800A92BA6 /* MapApp */,
				4839C4882845C4A800A92BA6 /* Products */,
			);
			sourceTree = "<group>";
		};
		4839C4882845C4A800A92BA6 /* Products */ = {
			isa = PBXGroup;
			children = (
				4839C4872845C4A800A92BA6 /* MapApp.app */,
			);
			name = Products;
			sourceTree = "<group>";
		};
		4839C4892845C4A800A92BA6 /* MapApp */ = {
			isa = PBXGroup;
			children = (
				4846860F2845C89000F0E3C5 /* DataService */,
				4846860A2845C74100F0E3C5 /* Models */,
				4846860B2845C74800F0E3C5 /* ViewModels */,
				4846860C2845C75600F0E3C5 /* View */,
				4839C48A2845C4A800A92BA6 /* MapAppApp.swift */,
				4839C48C2845C4A800A92BA6 /* ContentView.swift */,
				484686062845C66500F0E3C5 /* Assets.xcassets */,
				4839C4902845C4AA00A92BA6 /* Preview Content */,
				484686082845C6EB00F0E3C5 /* LaunchScreen.storyboard */,
			);
			path = MapApp;
			sourceTree = "<group>";
		};
		4839C4902845C4AA00A92BA6 /* Preview Content */ = {
			isa = PBXGroup;
			children = (
				4839C4912845C4AA00A92BA6 /* Preview Assets.xcassets */,
			);
			path = "Preview Content";
			sourceTree = "<group>";
		};
		4846860A2845C74100F0E3C5 /* Models */ = {
			isa = PBXGroup;
			children = (
				4846860D2845C76C00F0E3C5 /* Location.swift */,
			);
			path = Models;
			sourceTree = "<group>";
		};
		4846860B2845C74800F0E3C5 /* ViewModels */ = {
			isa = PBXGroup;
			children = (
				484686142845CFA200F0E3C5 /* LocationsViewModel.swift */,
			);
			path = ViewModels;
			sourceTree = "<group>";
		};
		4846860C2845C75600F0E3C5 /* View */ = {
			isa = PBXGroup;
			children = (
				484686122845CAFC00F0E3C5 /* LocationsView.swift */,
				4846861A2846060A00F0E3C5 /* MapAnnotationView.swift */,
				484686182845F5F400F0E3C5 /* LocationPreviewView.swift */,
				484686162845DAFE00F0E3C5 /* LocationsListView.swift */,
				4846861C28460BF200F0E3C5 /* LocationDetailView.swift */,
			);
			path = View;
			sourceTree = "<group>";
		};
		4846860F2845C89000F0E3C5 /* DataService */ = {
			isa = PBXGroup;
			children = (
				484686102845C8AD00F0E3C5 /* LocationsDataService.swift */,
			);
			path = DataService;
			sourceTree = "<group>";
		};
/* End PBXGroup section */

/* Begin PBXNativeTarget section */
		4839C4862845C4A800A92BA6 /* MapApp */ = {
			isa = PBXNativeTarget;
			buildConfigurationList = 4839C4952845C4AA00A92BA6 /* Build configuration list for PBXNativeTarget "MapApp" */;
			buildPhases = (
				4839C4832845C4A800A92BA6 /* Sources */,
				4839C4842845C4A800A92BA6 /* Frameworks */,
				4839C4852845C4A800A92BA6 /* Resources */,
			);
			buildRules = (
			);
			dependencies = (
			);
			name = MapApp;
			productName = MapApp;
			productReference = 4839C4872845C4A800A92BA6 /* MapApp.app */;
			productType = "com.apple.product-type.application";
		};
/* End PBXNativeTarget section */

/* Begin PBXProject section */
		4839C47F2845C4A800A92BA6 /* Project object */ = {
			isa = PBXProject;
			attributes = {
				BuildIndependentTargetsInParallel = 1;
				LastSwiftUpdateCheck = 1330;
				LastUpgradeCheck = 1330;
				TargetAttributes = {
					4839C4862845C4A800A92BA6 = {
						CreatedOnToolsVersion = 13.3;
					};
				};
			};
			buildConfigurationList = 4839C4822845C4A800A92BA6 /* Build configuration list for PBXProject "MapApp" */;
			compatibilityVersion = "Xcode 13.0";
			developmentRegion = en;
			hasScannedForEncodings = 0;
			knownRegions = (
				en,
				Base,
			);
			mainGroup = 4839C47E2845C4A800A92BA6;
			productRefGroup = 4839C4882845C4A800A92BA6 /* Products */;
			projectDirPath = "";
			projectRoot = "";
			targets = (
				4839C4862845C4A800A92BA6 /* MapApp */,
			);
		};
/* End PBXProject section */

/* Begin PBXResourcesBuildPhase section */
		4839C4852845C4A800A92BA6 /* Resources */ = {
			isa = PBXResourcesBuildPhase;
			buildActionMask = 2147483647;
			files = (
				484686092845C6EB00F0E3C5 /* LaunchScreen.storyboard in Resources */,
				484686072845C66500F0E3C5 /* Assets.xcassets in Resources */,
				4839C4922845C4AA00A92BA6 /* Preview Assets.xcassets in Resources */,
			);
			runOnlyForDeploymentPostprocessing = 0;
		};
/* End PBXResourcesBuildPhase section */

/* Begin PBXSourcesBuildPhase section */
		4839C4832845C4A800A92BA6 /* Sources */ = {
			isa = PBXSourcesBuildPhase;
			buildActionMask = 2147483647;
			files = (
				484686112845C8AD00F0E3C5 /* LocationsDataService.swift in Sources */,
				484686172845DAFE00F0E3C5 /* LocationsListView.swift in Sources */,
				484686192845F5F400F0E3C5 /* LocationPreviewView.swift in Sources */,
				484686152845CFA200F0E3C5 /* LocationsViewModel.swift in Sources */,
				4839C48D2845C4A800A92BA6 /* ContentView.swift in Sources */,
				484686132845CAFC00F0E3C5 /* LocationsView.swift in Sources */,
				4846861B2846060A00F0E3C5 /* MapAnnotationView.swift in Sources */,
				4846860E2845C76C00F0E3C5 /* Location.swift in Sources */,
				4846861D28460BF200F0E3C5 /* LocationDetailView.swift in Sources */,
				4839C48B2845C4A800A92BA6 /* MapAppApp.swift in Sources */,
			);
			runOnlyForDeploymentPostprocessing = 0;
		};
/* End PBXSourcesBuildPhase section */

/* Begin XCBuildConfiguration section */
		4839C4932845C4AA00A92BA6 /* Debug */ = {
			isa = XCBuildConfiguration;
			buildSettings = {
				ALWAYS_SEARCH_USER_PATHS = NO;
				CLANG_ANALYZER_NONNULL = YES;
				CLANG_ANALYZER_NUMBER_OBJECT_CONVERSION = YES_AGGRESSIVE;
				CLANG_CXX_LANGUAGE_STANDARD = "gnu++17";
				CLANG_ENABLE_MODULES = YES;
				CLANG_ENABLE_OBJC_ARC = YES;
				CLANG_ENABLE_OBJC_WEAK = YES;
				CLANG_WARN_BLOCK_CAPTURE_AUTORELEASING = YES;
				CLANG_WARN_BOOL_CONVERSION = YES;
				CLANG_WARN_COMMA = YES;
				CLANG_WARN_CONSTANT_CONVERSION = YES;
				CLANG_WARN_DEPRECATED_OBJC_IMPLEMENTATIONS = YES;
				CLANG_WARN_DIRECT_OBJC_ISA_USAGE = YES_ERROR;
				CLANG_WARN_DOCUMENTATION_COMMENTS = YES;
				CLANG_WARN_EMPTY_BODY = YES;
				CLANG_WARN_ENUM_CONVERSION = YES;
				CLANG_WARN_INFINITE_RECURSION = YES;
				CLANG_WARN_INT_CONVERSION = YES;
				CLANG_WARN_NON_LITERAL_NULL_CONVERSION = YES;
				CLANG_WARN_OBJC_IMPLICIT_RETAIN_SELF = YES;
				CLANG_WARN_OBJC_LITERAL_CONVERSION = YES;
				CLANG_WARN_OBJC_ROOT_CLASS = YES_ERROR;
				CLANG_WARN_QUOTED_INCLUDE_IN_FRAMEWORK_HEADER = YES;
				CLANG_WARN_RANGE_LOOP_ANALYSIS = YES;
				CLANG_WARN_STRICT_PROTOTYPES = YES;
				CLANG_WARN_SUSPICIOUS_MOVE = YES;
				CLANG_WARN_UNGUARDED_AVAILABILITY = YES_AGGRESSIVE;
				CLANG_WARN_UNREACHABLE_CODE = YES;
				CLANG_WARN__DUPLICATE_METHOD_MATCH = YES;
				COPY_PHASE_STRIP = NO;
				DEBUG_INFORMATION_FORMAT = dwarf;
				ENABLE_STRICT_OBJC_MSGSEND = YES;
				ENABLE_TESTABILITY = YES;
				GCC_C_LANGUAGE_STANDARD = gnu11;
				GCC_DYNAMIC_NO_PIC = NO;
				GCC_NO_COMMON_BLOCKS = YES;
				GCC_OPTIMIZATION_LEVEL = 0;
				GCC_PREPROCESSOR_DEFINITIONS = (
					"DEBUG=1",
					"$(inherited)",
				);
				GCC_WARN_64_TO_32_BIT_CONVERSION = YES;
				GCC_WARN_ABOUT_RETURN_TYPE = YES_ERROR;
				GCC_WARN_UNDECLARED_SELECTOR = YES;
				GCC_WARN_UNINITIALIZED_AUTOS = YES_AGGRESSIVE;
				GCC_WARN_UNUSED_FUNCTION = YES;
				GCC_WARN_UNUSED_VARIABLE = YES;
				IPHONEOS_DEPLOYMENT_TARGET = 15.4;
				MTL_ENABLE_DEBUG_INFO = INCLUDE_SOURCE;
				MTL_FAST_MATH = YES;
				ONLY_ACTIVE_ARCH = YES;
				SDKROOT = iphoneos;
				SWIFT_ACTIVE_COMPILATION_CONDITIONS = DEBUG;
				SWIFT_OPTIMIZATION_LEVEL = "-Onone";
			};
			name = Debug;
		};
		4839C4942845C4AA00A92BA6 /* Release */ = {
			isa = XCBuildConfiguration;
			buildSettings = {
				ALWAYS_SEARCH_USER_PATHS = NO;
				CLANG_ANALYZER_NONNULL = YES;
				CLANG_ANALYZER_NUMBER_OBJECT_CONVERSION = YES_AGGRESSIVE;
				CLANG_CXX_LANGUAGE_STANDARD = "gnu++17";
				CLANG_ENABLE_MODULES = YES;
				CLANG_ENABLE_OBJC_ARC = YES;
				CLANG_ENABLE_OBJC_WEAK = YES;
				CLANG_WARN_BLOCK_CAPTURE_AUTORELEASING = YES;
				CLANG_WARN_BOOL_CONVERSION = YES;
				CLANG_WARN_COMMA = YES;
				CLANG_WARN_CONSTANT_CONVERSION = YES;
				CLANG_WARN_DEPRECATED_OBJC_IMPLEMENTATIONS = YES;
				CLANG_WARN_DIRECT_OBJC_ISA_USAGE = YES_ERROR;
				CLANG_WARN_DOCUMENTATION_COMMENTS = YES;
				CLANG_WARN_EMPTY_BODY = YES;
				CLANG_WARN_ENUM_CONVERSION = YES;
				CLANG_WARN_INFINITE_RECURSION = YES;
				CLANG_WARN_INT_CONVERSION = YES;
				CLANG_WARN_NON_LITERAL_NULL_CONVERSION = YES;
				CLANG_WARN_OBJC_IMPLICIT_RETAIN_SELF = YES;
				CLANG_WARN_OBJC_LITERAL_CONVERSION = YES;
				CLANG_WARN_OBJC_ROOT_CLASS = YES_ERROR;
				CLANG_WARN_QUOTED_INCLUDE_IN_FRAMEWORK_HEADER = YES;
				CLANG_WARN_RANGE_LOOP_ANALYSIS = YES;
				CLANG_WARN_STRICT_PROTOTYPES = YES;
				CLANG_WARN_SUSPICIOUS_MOVE = YES;
				CLANG_WARN_UNGUARDED_AVAILABILITY = YES_AGGRESSIVE;
				CLANG_WARN_UNREACHABLE_CODE = YES;
				CLANG_WARN__DUPLICATE_METHOD_MATCH = YES;
				COPY_PHASE_STRIP = NO;
				DEBUG_INFORMATION_FORMAT = "dwarf-with-dsym";
				ENABLE_NS_ASSERTIONS = NO;
				ENABLE_STRICT_OBJC_MSGSEND = YES;
				GCC_C_LANGUAGE_STANDARD = gnu11;
				GCC_NO_COMMON_BLOCKS = YES;
				GCC_WARN_64_TO_32_BIT_CONVERSION = YES;
				GCC_WARN_ABOUT_RETURN_TYPE = YES_ERROR;
				GCC_WARN_UNDECLARED_SELECTOR = YES;
				GCC_WARN_UNINITIALIZED_AUTOS = YES_AGGRESSIVE;
				GCC_WARN_UNUSED_FUNCTION = YES;
				GCC_WARN_UNUSED_VARIABLE = YES;
				IPHONEOS_DEPLOYMENT_TARGET = 15.4;
				MTL_ENABLE_DEBUG_INFO = NO;
				MTL_FAST_MATH = YES;
				SDKROOT = iphoneos;
				SWIFT_COMPILATION_MODE = wholemodule;
				SWIFT_OPTIMIZATION_LEVEL = "-O";
				VALIDATE_PRODUCT = YES;
			};
			name = Release;
		};
		4839C4962845C4AA00A92BA6 /* Debug */ = {
			isa = XCBuildConfiguration;
			buildSettings = {
				ASSETCATALOG_COMPILER_APPICON_NAME = AppIcon;
				ASSETCATALOG_COMPILER_GLOBAL_ACCENT_COLOR_NAME = AccentColor;
				CODE_SIGN_STYLE = Automatic;
				CURRENT_PROJECT_VERSION = 1;
				DEVELOPMENT_ASSET_PATHS = "\"MapApp/Preview Content\"";
				DEVELOPMENT_TEAM = P7YG254GA3;
				ENABLE_PREVIEWS = YES;
				GENERATE_INFOPLIST_FILE = YES;
				INFOPLIST_KEY_UIApplicationSceneManifest_Generation = YES;
				INFOPLIST_KEY_UIApplicationSupportsIndirectInputEvents = YES;
				INFOPLIST_KEY_UILaunchScreen_Generation = YES;
				INFOPLIST_KEY_UISupportedInterfaceOrientations_iPad = "UIInterfaceOrientationPortrait UIInterfaceOrientationPortraitUpsideDown UIInterfaceOrientationLandscapeLeft UIInterfaceOrientationLandscapeRight";
				INFOPLIST_KEY_UISupportedInterfaceOrientations_iPhone = "UIInterfaceOrientationPortrait UIInterfaceOrientationLandscapeLeft UIInterfaceOrientationLandscapeRight";
				LD_RUNPATH_SEARCH_PATHS = (
					"$(inherited)",
					"@executable_path/Frameworks",
				);
				MARKETING_VERSION = 1.0;
				PRODUCT_BUNDLE_IDENTIFIER = com.karma.MapApp;
				PRODUCT_NAME = "$(TARGET_NAME)";
				SWIFT_EMIT_LOC_STRINGS = YES;
				SWIFT_VERSION = 5.0;
				TARGETED_DEVICE_FAMILY = "1,2";
			};
			name = Debug;
		};
		4839C4972845C4AA00A92BA6 /* Release */ = {
			isa = XCBuildConfiguration;
			buildSettings = {
				ASSETCATALOG_COMPILER_APPICON_NAME = AppIcon;
				ASSETCATALOG_COMPILER_GLOBAL_ACCENT_COLOR_NAME = AccentColor;
				CODE_SIGN_STYLE = Automatic;
				CURRENT_PROJECT_VERSION = 1;
				DEVELOPMENT_ASSET_PATHS = "\"MapApp/Preview Content\"";
				DEVELOPMENT_TEAM = P7YG254GA3;
				ENABLE_PREVIEWS = YES;
				GENERATE_INFOPLIST_FILE = YES;
				INFOPLIST_KEY_UIApplicationSceneManifest_Generation = YES;
				INFOPLIST_KEY_UIApplicationSupportsIndirectInputEvents = YES;
				INFOPLIST_KEY_UILaunchScreen_Generation = YES;
				INFOPLIST_KEY_UISupportedInterfaceOrientations_iPad = "UIInterfaceOrientationPortrait UIInterfaceOrientationPortraitUpsideDown UIInterfaceOrientationLandscapeLeft UIInterfaceOrientationLandscapeRight";
				INFOPLIST_KEY_UISupportedInterfaceOrientations_iPhone = "UIInterfaceOrientationPortrait UIInterfaceOrientationLandscapeLeft UIInterfaceOrientationLandscapeRight";
				LD_RUNPATH_SEARCH_PATHS = (
					"$(inherited)",
					"@executable_path/Frameworks",
				);
				MARKETING_VERSION = 1.0;
				PRODUCT_BUNDLE_IDENTIFIER = com.karma.MapApp;
				PRODUCT_NAME = "$(TARGET_NAME)";
				SWIFT_EMIT_LOC_STRINGS = YES;
				SWIFT_VERSION = 5.0;
				TARGETED_DEVICE_FAMILY = "1,2";
			};
			name = Release;
		};
/* End XCBuildConfiguration section */

/* Begin XCConfigurationList section */
		4839C4822845C4A800A92BA6 /* Build configuration list for PBXProject "MapApp" */ = {
			isa = XCConfigurationList;
			buildConfigurations = (
				4839C4932845C4AA00A92BA6 /* Debug */,
				4839C4942845C4AA00A92BA6 /* Release */,
			);
			defaultConfigurationIsVisible = 0;
			defaultConfigurationName = Release;
		};
		4839C4952845C4AA00A92BA6 /* Build configuration list for PBXNativeTarget "MapApp" */ = {
			isa = XCConfigurationList;
			buildConfigurations = (
				4839C4962845C4AA00A92BA6 /* Debug */,
				4839C4972845C4AA00A92BA6 /* Release */,
			);
			defaultConfigurationIsVisible = 0;
			defaultConfigurationName = Release;
		};
/* End XCConfigurationList section */
	};
	rootObject = 4839C47F2845C4A800A92BA6 /* Project object */;
}
